// !$*UTF8*$!
{
	archiveVersion = 1;
	classes = {
	};
	objectVersion = 50;
	objects = {

/* Begin PBXBuildFile section */
		4B243E8120D8126E008FEBCB /* AppDelegate.swift in Sources */ = {isa = PBXBuildFile; fileRef = 4B243E8020D8126E008FEBCB /* AppDelegate.swift */; };
		4B243E8320D8126E008FEBCB /* ViewController.swift in Sources */ = {isa = PBXBuildFile; fileRef = 4B243E8220D8126E008FEBCB /* ViewController.swift */; };
		4B243E8620D8126E008FEBCB /* Main.storyboard in Resources */ = {isa = PBXBuildFile; fileRef = 4B243E8420D8126E008FEBCB /* Main.storyboard */; };
		4B243E8820D8126F008FEBCB /* Assets.xcassets in Resources */ = {isa = PBXBuildFile; fileRef = 4B243E8720D8126F008FEBCB /* Assets.xcassets */; };
		4B243E8B20D8126F008FEBCB /* LaunchScreen.storyboard in Resources */ = {isa = PBXBuildFile; fileRef = 4B243E8920D8126F008FEBCB /* LaunchScreen.storyboard */; };
		4B243E9620D8126F008FEBCB /* phone_number_memoryTests.swift in Sources */ = {isa = PBXBuildFile; fileRef = 4B243E9520D8126F008FEBCB /* phone_number_memoryTests.swift */; };
		4B243EA120D8126F008FEBCB /* phone_number_memoryUITests.swift in Sources */ = {isa = PBXBuildFile; fileRef = 4B243EA020D8126F008FEBCB /* phone_number_memoryUITests.swift */; };
/* End PBXBuildFile section */

/* Begin PBXContainerItemProxy section */
		4B243E9220D8126F008FEBCB /* PBXContainerItemProxy */ = {
			isa = PBXContainerItemProxy;
			containerPortal = 4B243E7520D8126E008FEBCB /* Project object */;
			proxyType = 1;
			remoteGlobalIDString = 4B243E7C20D8126E008FEBCB;
			remoteInfo = "phone number memory";
		};
		4B243E9D20D8126F008FEBCB /* PBXContainerItemProxy */ = {
			isa = PBXContainerItemProxy;
			containerPortal = 4B243E7520D8126E008FEBCB /* Project object */;
			proxyType = 1;
			remoteGlobalIDString = 4B243E7C20D8126E008FEBCB;
			remoteInfo = "phone number memory";
		};
/* End PBXContainerItemProxy section */

/* Begin PBXFileReference section */
		4B243E7D20D8126E008FEBCB /* phone number memory.app */ = {isa = PBXFileReference; explicitFileType = wrapper.application; includeInIndex = 0; path = "phone number memory.app"; sourceTree = BUILT_PRODUCTS_DIR; };
		4B243E8020D8126E008FEBCB /* AppDelegate.swift */ = {isa = PBXFileReference; lastKnownFileType = sourcecode.swift; path = AppDelegate.swift; sourceTree = "<group>"; };
		4B243E8220D8126E008FEBCB /* ViewController.swift */ = {isa = PBXFileReference; lastKnownFileType = sourcecode.swift; path = ViewController.swift; sourceTree = "<group>"; };
		4B243E8520D8126E008FEBCB /* Base */ = {isa = PBXFileReference; lastKnownFileType = file.storyboard; name = Base; path = Base.lproj/Main.storyboard; sourceTree = "<group>"; };
		4B243E8720D8126F008FEBCB /* Assets.xcassets */ = {isa = PBXFileReference; lastKnownFileType = folder.assetcatalog; path = Assets.xcassets; sourceTree = "<group>"; };
		4B243E8A20D8126F008FEBCB /* Base */ = {isa = PBXFileReference; lastKnownFileType = file.storyboard; name = Base; path = Base.lproj/LaunchScreen.storyboard; sourceTree = "<group>"; };
		4B243E8C20D8126F008FEBCB /* Info.plist */ = {isa = PBXFileReference; lastKnownFileType = text.plist.xml; path = Info.plist; sourceTree = "<group>"; };
		4B243E9120D8126F008FEBCB /* phone number memoryTests.xctest */ = {isa = PBXFileReference; explicitFileType = wrapper.cfbundle; includeInIndex = 0; path = "phone number memoryTests.xctest"; sourceTree = BUILT_PRODUCTS_DIR; };
		4B243E9520D8126F008FEBCB /* phone_number_memoryTests.swift */ = {isa = PBXFileReference; lastKnownFileType = sourcecode.swift; path = phone_number_memoryTests.swift; sourceTree = "<group>"; };
		4B243E9720D8126F008FEBCB /* Info.plist */ = {isa = PBXFileReference; lastKnownFileType = text.plist.xml; path = Info.plist; sourceTree = "<group>"; };
		4B243E9C20D8126F008FEBCB /* phone number memoryUITests.xctest */ = {isa = PBXFileReference; explicitFileType = wrapper.cfbundle; includeInIndex = 0; path = "phone number memoryUITests.xctest"; sourceTree = BUILT_PRODUCTS_DIR; };
		4B243EA020D8126F008FEBCB /* phone_number_memoryUITests.swift */ = {isa = PBXFileReference; lastKnownFileType = sourcecode.swift; path = phone_number_memoryUITests.swift; sourceTree = "<group>"; };
		4B243EA220D8126F008FEBCB /* Info.plist */ = {isa = PBXFileReference; lastKnownFileType = text.plist.xml; path = Info.plist; sourceTree = "<group>"; };
/* End PBXFileReference section */

/* Begin PBXFrameworksBuildPhase section */
		4B243E7A20D8126E008FEBCB /* Frameworks */ = {
			isa = PBXFrameworksBuildPhase;
			buildActionMask = 2147483647;
			files = (
			);
			runOnlyForDeploymentPostprocessing = 0;
		};
		4B243E8E20D8126F008FEBCB /* Frameworks */ = {
			isa = PBXFrameworksBuildPhase;
			buildActionMask = 2147483647;
			files = (
			);
			runOnlyForDeploymentPostprocessing = 0;
		};
		4B243E9920D8126F008FEBCB /* Frameworks */ = {
			isa = PBXFrameworksBuildPhase;
			buildActionMask = 2147483647;
			files = (
			);
			runOnlyForDeploymentPostprocessing = 0;
		};
/* End PBXFrameworksBuildPhase section */

/* Begin PBXGroup section */
		4B243E7420D8126E008FEBCB = {
			isa = PBXGroup;
			children = (
				4B243E7F20D8126E008FEBCB /* phone number memory */,
				4B243E9420D8126F008FEBCB /* phone number memoryTests */,
				4B243E9F20D8126F008FEBCB /* phone number memoryUITests */,
				4B243E7E20D8126E008FEBCB /* Products */,
			);
			sourceTree = "<group>";
		};
		4B243E7E20D8126E008FEBCB /* Products */ = {
			isa = PBXGroup;
			children = (
				4B243E7D20D8126E008FEBCB /* phone number memory.app */,
				4B243E9120D8126F008FEBCB /* phone number memoryTests.xctest */,
				4B243E9C20D8126F008FEBCB /* phone number memoryUITests.xctest */,
			);
			name = Products;
			sourceTree = "<group>";
		};
		4B243E7F20D8126E008FEBCB /* phone number memory */ = {
			isa = PBXGroup;
			children = (
				4B243E8020D8126E008FEBCB /* AppDelegate.swift */,
				4B243E8220D8126E008FEBCB /* ViewController.swift */,
				4B243E8420D8126E008FEBCB /* Main.storyboard */,
				4B243E8720D8126F008FEBCB /* Assets.xcassets */,
				4B243E8920D8126F008FEBCB /* LaunchScreen.storyboard */,
				4B243E8C20D8126F008FEBCB /* Info.plist */,
			);
			path = "phone number memory";
			sourceTree = "<group>";
		};
		4B243E9420D8126F008FEBCB /* phone number memoryTests */ = {
			isa = PBXGroup;
			children = (
				4B243E9520D8126F008FEBCB /* phone_number_memoryTests.swift */,
				4B243E9720D8126F008FEBCB /* Info.plist */,
			);
			path = "phone number memoryTests";
			sourceTree = "<group>";
		};
		4B243E9F20D8126F008FEBCB /* phone number memoryUITests */ = {
			isa = PBXGroup;
			children = (
				4B243EA020D8126F008FEBCB /* phone_number_memoryUITests.swift */,
				4B243EA220D8126F008FEBCB /* Info.plist */,
			);
			path = "phone number memoryUITests";
			sourceTree = "<group>";
		};
/* End PBXGroup section */

/* Begin PBXNativeTarget section */
		4B243E7C20D8126E008FEBCB /* phone number memory */ = {
			isa = PBXNativeTarget;
			buildConfigurationList = 4B243EA520D8126F008FEBCB /* Build configuration list for PBXNativeTarget "phone number memory" */;
			buildPhases = (
				4B243E7920D8126E008FEBCB /* Sources */,
				4B243E7A20D8126E008FEBCB /* Frameworks */,
				4B243E7B20D8126E008FEBCB /* Resources */,
			);
			buildRules = (
			);
			dependencies = (
			);
			name = "phone number memory";
			productName = "phone number memory";
			productReference = 4B243E7D20D8126E008FEBCB /* phone number memory.app */;
			productType = "com.apple.product-type.application";
		};
		4B243E9020D8126F008FEBCB /* phone number memoryTests */ = {
			isa = PBXNativeTarget;
			buildConfigurationList = 4B243EA820D8126F008FEBCB /* Build configuration list for PBXNativeTarget "phone number memoryTests" */;
			buildPhases = (
				4B243E8D20D8126F008FEBCB /* Sources */,
				4B243E8E20D8126F008FEBCB /* Frameworks */,
				4B243E8F20D8126F008FEBCB /* Resources */,
			);
			buildRules = (
			);
			dependencies = (
				4B243E9320D8126F008FEBCB /* PBXTargetDependency */,
			);
			name = "phone number memoryTests";
			productName = "phone number memoryTests";
			productReference = 4B243E9120D8126F008FEBCB /* phone number memoryTests.xctest */;
			productType = "com.apple.product-type.bundle.unit-test";
		};
		4B243E9B20D8126F008FEBCB /* phone number memoryUITests */ = {
			isa = PBXNativeTarget;
			buildConfigurationList = 4B243EAB20D8126F008FEBCB /* Build configuration list for PBXNativeTarget "phone number memoryUITests" */;
			buildPhases = (
				4B243E9820D8126F008FEBCB /* Sources */,
				4B243E9920D8126F008FEBCB /* Frameworks */,
				4B243E9A20D8126F008FEBCB /* Resources */,
			);
			buildRules = (
			);
			dependencies = (
				4B243E9E20D8126F008FEBCB /* PBXTargetDependency */,
			);
			name = "phone number memoryUITests";
			productName = "phone number memoryUITests";
			productReference = 4B243E9C20D8126F008FEBCB /* phone number memoryUITests.xctest */;
			productType = "com.apple.product-type.bundle.ui-testing";
		};
/* End PBXNativeTarget section */

/* Begin PBXProject section */
		4B243E7520D8126E008FEBCB /* Project object */ = {
			isa = PBXProject;
			attributes = {
				LastSwiftUpdateCheck = 1000;
				LastUpgradeCheck = 1000;
				ORGANIZATIONNAME = "Bret McGee";
				TargetAttributes = {
					4B243E7C20D8126E008FEBCB = {
						CreatedOnToolsVersion = 10.0;
					};
					4B243E9020D8126F008FEBCB = {
						CreatedOnToolsVersion = 10.0;
						TestTargetID = 4B243E7C20D8126E008FEBCB;
					};
					4B243E9B20D8126F008FEBCB = {
						CreatedOnToolsVersion = 10.0;
						TestTargetID = 4B243E7C20D8126E008FEBCB;
					};
				};
			};
			buildConfigurationList = 4B243E7820D8126E008FEBCB /* Build configuration list for PBXProject "phone number memory" */;
			compatibilityVersion = "Xcode 9.3";
			developmentRegion = en;
			hasScannedForEncodings = 0;
			knownRegions = (
				en,
				Base,
			);
			mainGroup = 4B243E7420D8126E008FEBCB;
			productRefGroup = 4B243E7E20D8126E008FEBCB /* Products */;
			projectDirPath = "";
			projectRoot = "";
			targets = (
				4B243E7C20D8126E008FEBCB /* phone number memory */,
				4B243E9020D8126F008FEBCB /* phone number memoryTests */,
				4B243E9B20D8126F008FEBCB /* phone number memoryUITests */,
			);
		};
/* End PBXProject section */

/* Begin PBXResourcesBuildPhase section */
		4B243E7B20D8126E008FEBCB /* Resources */ = {
			isa = PBXResourcesBuildPhase;
			buildActionMask = 2147483647;
			files = (
				4B243E8B20D8126F008FEBCB /* LaunchScreen.storyboard in Resources */,
				4B243E8820D8126F008FEBCB /* Assets.xcassets in Resources */,
				4B243E8620D8126E008FEBCB /* Main.storyboard in Resources */,
			);
			runOnlyForDeploymentPostprocessing = 0;
		};
		4B243E8F20D8126F008FEBCB /* Resources */ = {
			isa = PBXResourcesBuildPhase;
			buildActionMask = 2147483647;
			files = (
			);
			runOnlyForDeploymentPostprocessing = 0;
		};
		4B243E9A20D8126F008FEBCB /* Resources */ = {
			isa = PBXResourcesBuildPhase;
			buildActionMask = 2147483647;
			files = (
			);
			runOnlyForDeploymentPostprocessing = 0;
		};
/* End PBXResourcesBuildPhase section */

/* Begin PBXSourcesBuildPhase section */
		4B243E7920D8126E008FEBCB /* Sources */ = {
			isa = PBXSourcesBuildPhase;
			buildActionMask = 2147483647;
			files = (
				4B243E8320D8126E008FEBCB /* ViewController.swift in Sources */,
				4B243E8120D8126E008FEBCB /* AppDelegate.swift in Sources */,
			);
			runOnlyForDeploymentPostprocessing = 0;
		};
		4B243E8D20D8126F008FEBCB /* Sources */ = {
			isa = PBXSourcesBuildPhase;
			buildActionMask = 2147483647;
			files = (
				4B243E9620D8126F008FEBCB /* phone_number_memoryTests.swift in Sources */,
			);
			runOnlyForDeploymentPostprocessing = 0;
		};
		4B243E9820D8126F008FEBCB /* Sources */ = {
			isa = PBXSourcesBuildPhase;
			buildActionMask = 2147483647;
			files = (
				4B243EA120D8126F008FEBCB /* phone_number_memoryUITests.swift in Sources */,
			);
			runOnlyForDeploymentPostprocessing = 0;
		};
/* End PBXSourcesBuildPhase section */

/* Begin PBXTargetDependency section */
		4B243E9320D8126F008FEBCB /* PBXTargetDependency */ = {
			isa = PBXTargetDependency;
			target = 4B243E7C20D8126E008FEBCB /* phone number memory */;
			targetProxy = 4B243E9220D8126F008FEBCB /* PBXContainerItemProxy */;
		};
		4B243E9E20D8126F008FEBCB /* PBXTargetDependency */ = {
			isa = PBXTargetDependency;
			target = 4B243E7C20D8126E008FEBCB /* phone number memory */;
			targetProxy = 4B243E9D20D8126F008FEBCB /* PBXContainerItemProxy */;
		};
/* End PBXTargetDependency section */

/* Begin PBXVariantGroup section */
		4B243E8420D8126E008FEBCB /* Main.storyboard */ = {
			isa = PBXVariantGroup;
			children = (
				4B243E8520D8126E008FEBCB /* Base */,
			);
			name = Main.storyboard;
			sourceTree = "<group>";
		};
		4B243E8920D8126F008FEBCB /* LaunchScreen.storyboard */ = {
			isa = PBXVariantGroup;
			children = (
				4B243E8A20D8126F008FEBCB /* Base */,
			);
			name = LaunchScreen.storyboard;
			sourceTree = "<group>";
		};
/* End PBXVariantGroup section */

/* Begin XCBuildConfiguration section */
		4B243EA320D8126F008FEBCB /* Debug */ = {
			isa = XCBuildConfiguration;
			buildSettings = {
				ALWAYS_SEARCH_USER_PATHS = NO;
				CLANG_ANALYZER_NONNULL = YES;
				CLANG_ANALYZER_NUMBER_OBJECT_CONVERSION = YES_AGGRESSIVE;
				CLANG_CXX_LANGUAGE_STANDARD = "gnu++14";
				CLANG_CXX_LIBRARY = "libc++";
				CLANG_ENABLE_MODULES = YES;
				CLANG_ENABLE_OBJC_ARC = YES;
				CLANG_ENABLE_OBJC_WEAK = YES;
				CLANG_WARN_BLOCK_CAPTURE_AUTORELEASING = YES;
				CLANG_WARN_BOOL_CONVERSION = YES;
				CLANG_WARN_COMMA = YES;
				CLANG_WARN_CONSTANT_CONVERSION = YES;
				CLANG_WARN_DEPRECATED_OBJC_IMPLEMENTATIONS = YES;
				CLANG_WARN_DIRECT_OBJC_ISA_USAGE = YES_ERROR;
				CLANG_WARN_DOCUMENTATION_COMMENTS = YES;
				CLANG_WARN_EMPTY_BODY = YES;
				CLANG_WARN_ENUM_CONVERSION = YES;
				CLANG_WARN_INFINITE_RECURSION = YES;
				CLANG_WARN_INT_CONVERSION = YES;
				CLANG_WARN_NON_LITERAL_NULL_CONVERSION = YES;
				CLANG_WARN_OBJC_IMPLICIT_RETAIN_SELF = YES;
				CLANG_WARN_OBJC_LITERAL_CONVERSION = YES;
				CLANG_WARN_OBJC_ROOT_CLASS = YES_ERROR;
				CLANG_WARN_RANGE_LOOP_ANALYSIS = YES;
				CLANG_WARN_STRICT_PROTOTYPES = YES;
				CLANG_WARN_SUSPICIOUS_MOVE = YES;
				CLANG_WARN_UNGUARDED_AVAILABILITY = YES_AGGRESSIVE;
				CLANG_WARN_UNREACHABLE_CODE = YES;
				CLANG_WARN__DUPLICATE_METHOD_MATCH = YES;
				CODE_SIGN_IDENTITY = "iPhone Developer";
				COPY_PHASE_STRIP = NO;
				DEBUG_INFORMATION_FORMAT = dwarf;
				ENABLE_STRICT_OBJC_MSGSEND = YES;
				ENABLE_TESTABILITY = YES;
				GCC_C_LANGUAGE_STANDARD = gnu11;
				GCC_DYNAMIC_NO_PIC = NO;
				GCC_NO_COMMON_BLOCKS = YES;
				GCC_OPTIMIZATION_LEVEL = 0;
				GCC_PREPROCESSOR_DEFINITIONS = (
					"DEBUG=1",
					"$(inherited)",
				);
				GCC_WARN_64_TO_32_BIT_CONVERSION = YES;
				GCC_WARN_ABOUT_RETURN_TYPE = YES_ERROR;
				GCC_WARN_UNDECLARED_SELECTOR = YES;
				GCC_WARN_UNINITIALIZED_AUTOS = YES_AGGRESSIVE;
				GCC_WARN_UNUSED_FUNCTION = YES;
				GCC_WARN_UNUSED_VARIABLE = YES;
				IPHONEOS_DEPLOYMENT_TARGET = 12.0;
				MTL_ENABLE_DEBUG_INFO = INCLUDE_SOURCE;
				ONLY_ACTIVE_ARCH = YES;
				SDKROOT = iphoneos;
				SWIFT_ACTIVE_COMPILATION_CONDITIONS = DEBUG;
				SWIFT_OPTIMIZATION_LEVEL = "-Onone";
			};
			name = Debug;
		};
		4B243EA420D8126F008FEBCB /* Release */ = {
			isa = XCBuildConfiguration;
			buildSettings = {
				ALWAYS_SEARCH_USER_PATHS = NO;
				CLANG_ANALYZER_NONNULL = YES;
				CLANG_ANALYZER_NUMBER_OBJECT_CONVERSION = YES_AGGRESSIVE;
				CLANG_CXX_LANGUAGE_STANDARD = "gnu++14";
				CLANG_CXX_LIBRARY = "libc++";
				CLANG_ENABLE_MODULES = YES;
				CLANG_ENABLE_OBJC_ARC = YES;
				CLANG_ENABLE_OBJC_WEAK = YES;
				CLANG_WARN_BLOCK_CAPTURE_AUTORELEASING = YES;
				CLANG_WARN_BOOL_CONVERSION = YES;
				CLANG_WARN_COMMA = YES;
				CLANG_WARN_CONSTANT_CONVERSION = YES;
				CLANG_WARN_DEPRECATED_OBJC_IMPLEMENTATIONS = YES;
				CLANG_WARN_DIRECT_OBJC_ISA_USAGE = YES_ERROR;
				CLANG_WARN_DOCUMENTATION_COMMENTS = YES;
				CLANG_WARN_EMPTY_BODY = YES;
				CLANG_WARN_ENUM_CONVERSION = YES;
				CLANG_WARN_INFINITE_RECURSION = YES;
				CLANG_WARN_INT_CONVERSION = YES;
				CLANG_WARN_NON_LITERAL_NULL_CONVERSION = YES;
				CLANG_WARN_OBJC_IMPLICIT_RETAIN_SELF = YES;
				CLANG_WARN_OBJC_LITERAL_CONVERSION = YES;
				CLANG_WARN_OBJC_ROOT_CLASS = YES_ERROR;
				CLANG_WARN_RANGE_LOOP_ANALYSIS = YES;
				CLANG_WARN_STRICT_PROTOTYPES = YES;
				CLANG_WARN_SUSPICIOUS_MOVE = YES;
				CLANG_WARN_UNGUARDED_AVAILABILITY = YES_AGGRESSIVE;
				CLANG_WARN_UNREACHABLE_CODE = YES;
				CLANG_WARN__DUPLICATE_METHOD_MATCH = YES;
				CODE_SIGN_IDENTITY = "iPhone Developer";
				COPY_PHASE_STRIP = NO;
				DEBUG_INFORMATION_FORMAT = "dwarf-with-dsym";
				ENABLE_NS_ASSERTIONS = NO;
				ENABLE_STRICT_OBJC_MSGSEND = YES;
				GCC_C_LANGUAGE_STANDARD = gnu11;
				GCC_NO_COMMON_BLOCKS = YES;
				GCC_WARN_64_TO_32_BIT_CONVERSION = YES;
				GCC_WARN_ABOUT_RETURN_TYPE = YES_ERROR;
				GCC_WARN_UNDECLARED_SELECTOR = YES;
				GCC_WARN_UNINITIALIZED_AUTOS = YES_AGGRESSIVE;
				GCC_WARN_UNUSED_FUNCTION = YES;
				GCC_WARN_UNUSED_VARIABLE = YES;
				IPHONEOS_DEPLOYMENT_TARGET = 12.0;
				MTL_ENABLE_DEBUG_INFO = NO;
				SDKROOT = iphoneos;
				SWIFT_COMPILATION_MODE = wholemodule;
				SWIFT_OPTIMIZATION_LEVEL = "-O";
				VALIDATE_PRODUCT = YES;
			};
			name = Release;
		};
		4B243EA620D8126F008FEBCB /* Debug */ = {
			isa = XCBuildConfiguration;
			buildSettings = {
				ASSETCATALOG_COMPILER_APPICON_NAME = AppIcon;
				CODE_SIGN_STYLE = Automatic;
				DEVELOPMENT_TEAM = 2ZLX74PF4P;
				INFOPLIST_FILE = "phone number memory/Info.plist";
				LD_RUNPATH_SEARCH_PATHS = (
					"$(inherited)",
					"@executable_path/Frameworks",
				);
				PRODUCT_BUNDLE_IDENTIFIER = "com.ax-ios.phone-number-memory";
				PRODUCT_NAME = "$(TARGET_NAME)";
				SWIFT_VERSION = 4.2;
				TARGETED_DEVICE_FAMILY = "1,2";
			};
			name = Debug;
		};
		4B243EA720D8126F008FEBCB /* Release */ = {
			isa = XCBuildConfiguration;
			buildSettings = {
				ASSETCATALOG_COMPILER_APPICON_NAME = AppIcon;
				CODE_SIGN_STYLE = Automatic;
				DEVELOPMENT_TEAM = 2ZLX74PF4P;
				INFOPLIST_FILE = "phone number memory/Info.plist";
				LD_RUNPATH_SEARCH_PATHS = (
					"$(inherited)",
					"@executable_path/Frameworks",
				);
				PRODUCT_BUNDLE_IDENTIFIER = "com.ax-ios.phone-number-memory";
				PRODUCT_NAME = "$(TARGET_NAME)";
				SWIFT_VERSION = 4.2;
				TARGETED_DEVICE_FAMILY = "1,2";
			};
			name = Release;
		};
		4B243EA920D8126F008FEBCB /* Debug */ = {
			isa = XCBuildConfiguration;
			buildSettings = {
				ALWAYS_EMBED_SWIFT_STANDARD_LIBRARIES = YES;
				BUNDLE_LOADER = "$(TEST_HOST)";
				CODE_SIGN_STYLE = Automatic;
				INFOPLIST_FILE = "phone number memoryTests/Info.plist";
				LD_RUNPATH_SEARCH_PATHS = (
					"$(inherited)",
					"@executable_path/Frameworks",
					"@loader_path/Frameworks",
				);
				PRODUCT_BUNDLE_IDENTIFIER = "com.ax-ios.phone-number-memoryTests";
				PRODUCT_NAME = "$(TARGET_NAME)";
				SWIFT_VERSION = 4.2;
				TARGETED_DEVICE_FAMILY = "1,2";
				TEST_HOST = "$(BUILT_PRODUCTS_DIR)/phone number memory.app/phone number memory";
			};
			name = Debug;
		};
		4B243EAA20D8126F008FEBCB /* Release */ = {
			isa = XCBuildConfiguration;
			buildSettings = {
				ALWAYS_EMBED_SWIFT_STANDARD_LIBRARIES = YES;
				BUNDLE_LOADER = "$(TEST_HOST)";
				CODE_SIGN_STYLE = Automatic;
				INFOPLIST_FILE = "phone number memoryTests/Info.plist";
				LD_RUNPATH_SEARCH_PATHS = (
					"$(inherited)",
					"@executable_path/Frameworks",
					"@loader_path/Frameworks",
				);
				PRODUCT_BUNDLE_IDENTIFIER = "com.ax-ios.phone-number-memoryTests";
				PRODUCT_NAME = "$(TARGET_NAME)";
				SWIFT_VERSION = 4.2;
				TARGETED_DEVICE_FAMILY = "1,2";
				TEST_HOST = "$(BUILT_PRODUCTS_DIR)/phone number memory.app/phone number memory";
			};
			name = Release;
		};
		4B243EAC20D8126F008FEBCB /* Debug */ = {
			isa = XCBuildConfiguration;
			buildSettings = {
				ALWAYS_EMBED_SWIFT_STANDARD_LIBRARIES = YES;
				CODE_SIGN_STYLE = Automatic;
				INFOPLIST_FILE = "phone number memoryUITests/Info.plist";
				LD_RUNPATH_SEARCH_PATHS = (
					"$(inherited)",
					"@executable_path/Frameworks",
					"@loader_path/Frameworks",
				);
				PRODUCT_BUNDLE_IDENTIFIER = "com.ax-ios.phone-number-memoryUITests";
				PRODUCT_NAME = "$(TARGET_NAME)";
				SWIFT_VERSION = 4.2;
				TARGETED_DEVICE_FAMILY = "1,2";
				TEST_TARGET_NAME = "phone number memory";
			};
			name = Debug;
		};
		4B243EAD20D8126F008FEBCB /* Release */ = {
			isa = XCBuildConfiguration;
			buildSettings = {
				ALWAYS_EMBED_SWIFT_STANDARD_LIBRARIES = YES;
				CODE_SIGN_STYLE = Automatic;
				INFOPLIST_FILE = "phone number memoryUITests/Info.plist";
				LD_RUNPATH_SEARCH_PATHS = (
					"$(inherited)",
					"@executable_path/Frameworks",
					"@loader_path/Frameworks",
				);
				PRODUCT_BUNDLE_IDENTIFIER = "com.ax-ios.phone-number-memoryUITests";
				PRODUCT_NAME = "$(TARGET_NAME)";
				SWIFT_VERSION = 4.2;
				TARGETED_DEVICE_FAMILY = "1,2";
				TEST_TARGET_NAME = "phone number memory";
			};
			name = Release;
		};
/* End XCBuildConfiguration section */

/* Begin XCConfigurationList section */
		4B243E7820D8126E008FEBCB /* Build configuration list for PBXProject "phone number memory" */ = {
			isa = XCConfigurationList;
			buildConfigurations = (
				4B243EA320D8126F008FEBCB /* Debug */,
				4B243EA420D8126F008FEBCB /* Release */,
			);
			defaultConfigurationIsVisible = 0;
			defaultConfigurationName = Release;
		};
		4B243EA520D8126F008FEBCB /* Build configuration list for PBXNativeTarget "phone number memory" */ = {
			isa = XCConfigurationList;
			buildConfigurations = (
				4B243EA620D8126F008FEBCB /* Debug */,
				4B243EA720D8126F008FEBCB /* Release */,
			);
			defaultConfigurationIsVisible = 0;
			defaultConfigurationName = Release;
		};
		4B243EA820D8126F008FEBCB /* Build configuration list for PBXNativeTarget "phone number memoryTests" */ = {
			isa = XCConfigurationList;
			buildConfigurations = (
				4B243EA920D8126F008FEBCB /* Debug */,
				4B243EAA20D8126F008FEBCB /* Release */,
			);
			defaultConfigurationIsVisible = 0;
			defaultConfigurationName = Release;
		};
		4B243EAB20D8126F008FEBCB /* Build configuration list for PBXNativeTarget "phone number memoryUITests" */ = {
			isa = XCConfigurationList;
			buildConfigurations = (
				4B243EAC20D8126F008FEBCB /* Debug */,
				4B243EAD20D8126F008FEBCB /* Release */,
			);
			defaultConfigurationIsVisible = 0;
			defaultConfigurationName = Release;
		};
/* End XCConfigurationList section */
	};
	rootObject = 4B243E7520D8126E008FEBCB /* Project object */;
}
